<?xml version="1.0" encoding="utf-8"?>
<Project ToolsVersion="4.0" xmlns="http://schemas.microsoft.com/developer/msbuild/2003">
  <ItemGroup>
    <Filter Include="Source Files">
      <UniqueIdentifier>{4FC737F1-C7A5-4376-A066-2A32D752A2FF}</UniqueIdentifier>
      <Extensions>cpp;c;cc;cxx;c++;cppm;ixx;def;odl;idl;hpj;bat;asm;asmx</Extensions>
    </Filter>
    <Filter Include="Header Files">
      <UniqueIdentifier>{93995380-89BD-4b04-88EB-625FBE52EBFB}</UniqueIdentifier>
      <Extensions>h;hh;hpp;hxx;h++;hm;inl;inc;ipp;xsd</Extensions>
    </Filter>
    <Filter Include="Resource Files">
      <UniqueIdentifier>{67DA6AB6-F800-4c08-8B7A-83BB121AAD01}</UniqueIdentifier>
      <Extensions>rc;ico;cur;bmp;dlg;rc2;rct;bin;rgs;gif;jpg;jpeg;jpe;resx;tiff;tif;png;wav;mfcribbon-ms</Extensions>
    </Filter>
    <Filter Include="NetTransport">
      <UniqueIdentifier>{4ec46ff4-e529-4ff5-8eb4-f8095d46b228}</UniqueIdentifier>
    </Filter>
  </ItemGroup>
  <ItemGroup>
    <ClInclude Include="framework.h">
      <Filter>Header Files</Filter>
    </ClInclude>
    <ClInclude Include="pch.h">
      <Filter>Header Files</Filter>
    </ClInclude>
    <ClInclude Include="NetTransport.h">
      <Filter>NetTransport</Filter>
    </ClInclude>
    <ClInclude Include="NetBase.h">
      <Filter>NetTransport</Filter>
    </ClInclude>
    <ClInclude Include="NetTrans.h">
      <Filter>NetTransport</Filter>
    </ClInclude>
    <ClInclude Include="RepeatedTimer.h">
      <Filter>NetTransport</Filter>
    </ClInclude>
    <ClInclude Include="TCPClient.h">
      <Filter>NetTransport</Filter>
    </ClInclude>
    <ClInclude Include="TCPServer.h">
      <Filter>NetTransport</Filter>
    </ClInclude>
    <ClInclude Include="TCPSession.h">
      <Filter>NetTransport</Filter>
    </ClInclude>
    <ClInclude Include="UDPTrans.h">
      <Filter>NetTransport</Filter>
    </ClInclude>
    <ClInclude Include="NetTransPool.h">
      <Filter>NetTransport</Filter>
    </ClInclude>
  </ItemGroup>
  <ItemGroup>
    <ClCompile Include="dllmain.cpp">
      <Filter>Source Files</Filter>
    </ClCompile>
    <ClCompile Include="pch.cpp">
      <Filter>Source Files</Filter>
    </ClCompile>
    <ClCompile Include="NetTransport.cpp">
      <Filter>NetTransport</Filter>
    </ClCompile>
    <ClCompile Include="NetBase.cpp">
      <Filter>NetTransport</Filter>
    </ClCompile>
    <ClCompile Include="NetTrans.cpp">
      <Filter>NetTransport</Filter>
    </ClCompile>
    <ClCompile Include="RepeatedTimer.cpp">
      <Filter>NetTransport</Filter>
    </ClCompile>
    <ClCompile Include="TCPClient.cpp">
      <Filter>NetTransport</Filter>
    </ClCompile>
    <ClCompile Include="TCPServer.cpp">
      <Filter>NetTransport</Filter>
    </ClCompile>
    <ClCompile Include="TCPSession.cpp">
      <Filter>NetTransport</Filter>
    </ClCompile>
    <ClCompile Include="UDPTrans.cpp">
      <Filter>NetTransport</Filter>
    </ClCompile>
    <ClCompile Include="NetTransPool.cpp">
      <Filter>NetTransport</Filter>
    </ClCompile>
  </ItemGroup>
</Project>